
Microsoft Visual Studio Solution File, Format Version 12.00
# Visual Studio Version 17
VisualStudioVersion = 17.2.32630.192
MinimumVisualStudioVersion = 10.0.40219.1
Project("{FAE04EC0-301F-11D3-BF4B-00C04F79EFBC}") = "ServiceA", "ServiceA\ServiceA.csproj", "{D8D576B5-F64B-44CC-9E57-C86FBCC14F66}"
EndProject
Project("{FAE04EC0-301F-11D3-BF4B-00C04F79EFBC}") = "ServiceB", "ServiceB\ServiceB.csproj", "{AD6BBBB0-55FD-4576-850E-81C738F8F1DE}"
EndProject
Project("{FAE04EC0-301F-11D3-BF4B-00C04F79EFBC}") = "WongaTestProject", "WongaTestProject\WongaTestProject.csproj", "{35FF5B82-AB6D-48E6-AF2F-731216E785CA}"
EndProject
Global
	GlobalSection(SolutionConfigurationPlatforms) = preSolution
		Debug|Any CPU = Debug|Any CPU
		Release|Any CPU = Release|Any CPU
	EndGlobalSection
	GlobalSection(ProjectConfigurationPlatforms) = postSolution
		{D8D576B5-F64B-44CC-9E57-C86FBCC14F66}.Debug|Any CPU.ActiveCfg = Debug|Any CPU
		{D8D576B5-F64B-44CC-9E57-C86FBCC14F66}.Debug|Any CPU.Build.0 = Debug|Any CPU
		{D8D576B5-F64B-44CC-9E57-C86FBCC14F66}.Release|Any CPU.ActiveCfg = Release|Any CPU
		{D8D576B5-F64B-44CC-9E57-C86FBCC14F66}.Release|Any CPU.Build.0 = Release|Any CPU
		{AD6BBBB0-55FD-4576-850E-81C738F8F1DE}.Debug|Any CPU.ActiveCfg = Debug|Any CPU
		{AD6BBBB0-55FD-4576-850E-81C738F8F1DE}.Debug|Any CPU.Build.0 = Debug|Any CPU
		{AD6BBBB0-55FD-4576-850E-81C738F8F1DE}.Release|Any CPU.ActiveCfg = Release|Any CPU
		{AD6BBBB0-55FD-4576-850E-81C738F8F1DE}.Release|Any CPU.Build.0 = Release|Any CPU
		{35FF5B82-AB6D-48E6-AF2F-731216E785CA}.Debug|Any CPU.ActiveCfg = Debug|Any CPU
		{35FF5B82-AB6D-48E6-AF2F-731216E785CA}.Debug|Any CPU.Build.0 = Debug|Any CPU
		{35FF5B82-AB6D-48E6-AF2F-731216E785CA}.Release|Any CPU.ActiveCfg = Release|Any CPU
		{35FF5B82-AB6D-48E6-AF2F-731216E785CA}.Release|Any CPU.Build.0 = Release|Any CPU
	EndGlobalSection
	GlobalSection(SolutionProperties) = preSolution
		HideSolutionNode = FALSE
	EndGlobalSection
	GlobalSection(ExtensibilityGlobals) = postSolution
		SolutionGuid = {75BD29ED-691A-4870-AEA2-73B713969A65}
	EndGlobalSection
EndGlobal
